# pgvector release built into the wasm module as the "vector" extension.
# The archive is fetched from GitHub and verified against the sha256 below
# before it is unpacked into wasm/out/src.
version=0.8.6
url=https://github.com/pgvector/pgvector/archive/refs/tags/v0.8.6.tar.gz
sha256=10bf9938906e5d643bbc4a7eea104b6f57ba4898e5b76b20e60484ea1d5a7f8f
