# PostgreSQL 19 Beta 4 source. The pinned PGlite port in
# patches/postgres-19-pglite.patch adapts this upstream snapshot.
repo=postgres/postgres
commit=b73d13c32c834a2c8e1c60cb92f79530376cedf1
sha256=7e042dfb4eae25c9dcdc95cad3f627c9e6de96c645db5800f8aee6d0b6dd6b60
srcdir=postgres-19-beta4-pglite-r3
port_patch=patches/postgres-19-pglite.patch
