# wasm2go fork used by wasm/gen-aot.sh: branch pgmem of shibukawa/wasm2go-fork
# (goccy/wasm2go plus the pgmem-specific changes; see its README_ABOUT_FORK.md),
# pinned to a commit. The repository is cloned into toolchain/wasm2go-src and
# built from there. tag is informational: the fork release the commit belongs to.
repo=https://github.com/shibukawa/wasm2go-fork.git
branch=pgmem
commit=ac98bcf00c17d8531f0c071a9836d0b50975e7ff
tag=v0.5.15-fork.7
